
Microsoft Visual Studio Solution File, Format Version 12.00
# Visual Studio Version 17
VisualStudioVersion = 17.3.32929.385
MinimumVisualStudioVersion = 10.0.40219.1
Project("{9A19103F-16F7-4668-BE54-9A1E7A4F7556}") = "WebApplication1", "WebApplication1.csproj", "{BB5A9234-F7D2-426F-95DE-E6A3AC300603}"
EndProject
Global
	GlobalSection(SolutionConfigurationPlatforms) = preSolution
		Debug|Any CPU = Debug|Any CPU
		Release|Any CPU = Release|Any CPU
	EndGlobalSection
	GlobalSection(ProjectConfigurationPlatforms) = postSolution
		{BB5A9234-F7D2-426F-95DE-E6A3AC300603}.Debug|Any CPU.ActiveCfg = Debug|Any CPU
		{BB5A9234-F7D2-426F-95DE-E6A3AC300603}.Debug|Any CPU.Build.0 = Debug|Any CPU
		{BB5A9234-F7D2-426F-95DE-E6A3AC300603}.Release|Any CPU.ActiveCfg = Release|Any CPU
		{BB5A9234-F7D2-426F-95DE-E6A3AC300603}.Release|Any CPU.Build.0 = Release|Any CPU
	EndGlobalSection
	GlobalSection(SolutionProperties) = preSolution
		HideSolutionNode = FALSE
	EndGlobalSection
	GlobalSection(ExtensibilityGlobals) = postSolution
		SolutionGuid = {7B64FD7C-E3FE-4C6A-88E0-93677869F2FD}
	EndGlobalSection
EndGlobal
